<?xml version="1.0" encoding="utf-8"?>
<Project ToolsVersion="4.0" xmlns="http://schemas.microsoft.com/developer/msbuild/2003">
  <ItemGroup>
    <Filter Include="Engine">
      <UniqueIdentifier>{af77430e-d57b-467b-bad5-5170f3051b55}</UniqueIdentifier>
    </Filter>
    <Filter Include="Render">
      <UniqueIdentifier>{375fc95b-0d03-4f75-9b8c-c201b63e8296}</UniqueIdentifier>
    </Filter>
    <Filter Include="Interface">
      <UniqueIdentifier>{7cfc26f2-be85-41cf-8d77-980994945170}</UniqueIdentifier>
    </Filter>
    <Filter Include="Interface\Source Files">
      <UniqueIdentifier>{4FC737F1-C7A5-4376-A066-2A32D752A2FF}</UniqueIdentifier>
      <Extensions>cpp;c;cc;cxx;def;odl;idl;hpj;bat;asm;asmx</Extensions>
    </Filter>
    <Filter Include="Interface\Header Files">
      <UniqueIdentifier>{93995380-89BD-4b04-88EB-625FBE52EBFB}</UniqueIdentifier>
      <Extensions>h;hpp;hxx;hm;inl;inc;xsd</Extensions>
    </Filter>
    <Filter Include="Render\Header Files">
      <UniqueIdentifier>{4b9d7eb2-d1e3-4fe7-8bea-a402f4ebd34a}</UniqueIdentifier>
    </Filter>
    <Filter Include="Render\Source Files">
      <UniqueIdentifier>{9156f417-ca64-4566-a18a-1fe59e99e916}</UniqueIdentifier>
    </Filter>
    <Filter Include="Engine\Header">
      <UniqueIdentifier>{382880d5-cf79-4976-8f79-4cc688eada89}</UniqueIdentifier>
    </Filter>
    <Filter Include="Engine\Source">
      <UniqueIdentifier>{92d268a8-d3ba-4896-9ddf-77b9c7d9b739}</UniqueIdentifier>
    </Filter>
  </ItemGroup>
  <ItemGroup>
    <ClCompile Include="main.cpp" />
    <ClCompile Include="Engine.cpp">
      <Filter>Engine\Source</Filter>
    </ClCompile>
    <ClCompile Include="SDLRenderer.cpp">
      <Filter>Render\Source Files</Filter>
    </ClCompile>
    <ClCompile Include="SDLInputHandler.cpp">
      <Filter>Interface\Source Files</Filter>
    </ClCompile>
    <ClCompile Include="SDLEngine.cpp">
      <Filter>Engine\Source</Filter>
    </ClCompile>
  </ItemGroup>
  <ItemGroup>
    <ClInclude Include="Renderer.h">
      <Filter>Render\Header Files</Filter>
    </ClInclude>
    <ClInclude Include="Engine.h">
      <Filter>Engine\Header</Filter>
    </ClInclude>
    <ClInclude Include="SDLRenderer.h">
      <Filter>Render\Header Files</Filter>
    </ClInclude>
    <ClInclude Include="InputHandler.h">
      <Filter>Interface\Header Files</Filter>
    </ClInclude>
    <ClInclude Include="SDLInputHandler.h">
      <Filter>Interface\Header Files</Filter>
    </ClInclude>
    <ClInclude Include="InputEvent.h">
      <Filter>Interface\Header Files</Filter>
    </ClInclude>
    <ClInclude Include="SDLEngine.h">
      <Filter>Engine\Header</Filter>
    </ClInclude>
  </ItemGroup>
</Project>